// !$*UTF8*$!
{
	archiveVersion = 1;
	classes = {
	};
	objectVersion = 46;
	objects = {

/* Begin PBXBuildFile section */
		092EE5FD19A9D4980086779E /* Foundation.framework in Frameworks */ = {isa = PBXBuildFile; fileRef = 092EE5FC19A9D4980086779E /* Foundation.framework */; };
		092EE5FF19A9D4980086779E /* CoreGraphics.framework in Frameworks */ = {isa = PBXBuildFile; fileRef = 092EE5FE19A9D4980086779E /* CoreGraphics.framework */; };
		092EE60119A9D4980086779E /* UIKit.framework in Frameworks */ = {isa = PBXBuildFile; fileRef = 092EE60019A9D4980086779E /* UIKit.framework */; };
		092EE60719A9D4980086779E /* InfoPlist.strings in Resources */ = {isa = PBXBuildFile; fileRef = 092EE60519A9D4980086779E /* InfoPlist.strings */; };
		092EE60919A9D4980086779E /* main.m in Sources */ = {isa = PBXBuildFile; fileRef = 092EE60819A9D4980086779E /* main.m */; };
		092EE60D19A9D4980086779E /* AppDelegate.m in Sources */ = {isa = PBXBuildFile; fileRef = 092EE60C19A9D4980086779E /* AppDelegate.m */; };
		092EE61019A9D4980086779E /* Main.storyboard in Resources */ = {isa = PBXBuildFile; fileRef = 092EE60E19A9D4980086779E /* Main.storyboard */; };
		092EE61319A9D4980086779E /* ViewController.m in Sources */ = {isa = PBXBuildFile; fileRef = 092EE61219A9D4980086779E /* ViewController.m */; };
		092EE61519A9D4980086779E /* Images.xcassets in Resources */ = {isa = PBXBuildFile; fileRef = 092EE61419A9D4980086779E /* Images.xcassets */; };
		092EE61C19A9D4980086779E /* XCTest.framework in Frameworks */ = {isa = PBXBuildFile; fileRef = 092EE61B19A9D4980086779E /* XCTest.framework */; };
		092EE61D19A9D4980086779E /* Foundation.framework in Frameworks */ = {isa = PBXBuildFile; fileRef = 092EE5FC19A9D4980086779E /* Foundation.framework */; };
		092EE61E19A9D4980086779E /* UIKit.framework in Frameworks */ = {isa = PBXBuildFile; fileRef = 092EE60019A9D4980086779E /* UIKit.framework */; };
		092EE62619A9D4980086779E /* InfoPlist.strings in Resources */ = {isa = PBXBuildFile; fileRef = 092EE62419A9D4980086779E /* InfoPlist.strings */; };
		092EE62819A9D4980086779E /* CGTossTests.m in Sources */ = {isa = PBXBuildFile; fileRef = 092EE62719A9D4980086779E /* CGTossTests.m */; };
		092EE63319A9D4A70086779E /* DrawingView.m in Sources */ = {isa = PBXBuildFile; fileRef = 092EE63219A9D4A70086779E /* DrawingView.m */; };
		09C2BA3B19AFD0A9008D43F4 /* OptionsPaneViewController.m in Sources */ = {isa = PBXBuildFile; fileRef = 09C2BA3919AFD0A9008D43F4 /* OptionsPaneViewController.m */; };
		09C2BA3C19AFD0A9008D43F4 /* OptionsPaneViewController.xib in Resources */ = {isa = PBXBuildFile; fileRef = 09C2BA3A19AFD0A9008D43F4 /* OptionsPaneViewController.xib */; };
		09C532A119CAB60100DC5979 /* UIView+ColorOfPoint.m in Sources */ = {isa = PBXBuildFile; fileRef = 09C532A019CAB60100DC5979 /* UIView+ColorOfPoint.m */; };
/* End PBXBuildFile section */

/* Begin PBXContainerItemProxy section */
		092EE61F19A9D4980086779E /* PBXContainerItemProxy */ = {
			isa = PBXContainerItemProxy;
			containerPortal = 092EE5F119A9D4980086779E /* Project object */;
			proxyType = 1;
			remoteGlobalIDString = 092EE5F819A9D4980086779E;
			remoteInfo = CGToss;
		};
/* End PBXContainerItemProxy section */

/* Begin PBXFileReference section */
		092EE5F919A9D4980086779E /* CGToss.app */ = {isa = PBXFileReference; explicitFileType = wrapper.application; includeInIndex = 0; path = CGToss.app; sourceTree = BUILT_PRODUCTS_DIR; };
		092EE5FC19A9D4980086779E /* Foundation.framework */ = {isa = PBXFileReference; lastKnownFileType = wrapper.framework; name = Foundation.framework; path = System/Library/Frameworks/Foundation.framework; sourceTree = SDKROOT; };
		092EE5FE19A9D4980086779E /* CoreGraphics.framework */ = {isa = PBXFileReference; lastKnownFileType = wrapper.framework; name = CoreGraphics.framework; path = System/Library/Frameworks/CoreGraphics.framework; sourceTree = SDKROOT; };
		092EE60019A9D4980086779E /* UIKit.framework */ = {isa = PBXFileReference; lastKnownFileType = wrapper.framework; name = UIKit.framework; path = System/Library/Frameworks/UIKit.framework; sourceTree = SDKROOT; };
		092EE60419A9D4980086779E /* CGToss-Info.plist */ = {isa = PBXFileReference; lastKnownFileType = text.plist.xml; path = "CGToss-Info.plist"; sourceTree = "<group>"; };
		092EE60619A9D4980086779E /* en */ = {isa = PBXFileReference; lastKnownFileType = text.plist.strings; name = en; path = en.lproj/InfoPlist.strings; sourceTree = "<group>"; };
		092EE60819A9D4980086779E /* main.m */ = {isa = PBXFileReference; lastKnownFileType = sourcecode.c.objc; path = main.m; sourceTree = "<group>"; };
		092EE60A19A9D4980086779E /* CGToss-Prefix.pch */ = {isa = PBXFileReference; lastKnownFileType = sourcecode.c.h; path = "CGToss-Prefix.pch"; sourceTree = "<group>"; };
		092EE60B19A9D4980086779E /* AppDelegate.h */ = {isa = PBXFileReference; lastKnownFileType = sourcecode.c.h; path = AppDelegate.h; sourceTree = "<group>"; };
		092EE60C19A9D4980086779E /* AppDelegate.m */ = {isa = PBXFileReference; lastKnownFileType = sourcecode.c.objc; path = AppDelegate.m; sourceTree = "<group>"; };
		092EE60F19A9D4980086779E /* Base */ = {isa = PBXFileReference; lastKnownFileType = file.storyboard; name = Base; path = Base.lproj/Main.storyboard; sourceTree = "<group>"; };
		092EE61119A9D4980086779E /* ViewController.h */ = {isa = PBXFileReference; lastKnownFileType = sourcecode.c.h; path = ViewController.h; sourceTree = "<group>"; };
		092EE61219A9D4980086779E /* ViewController.m */ = {isa = PBXFileReference; lastKnownFileType = sourcecode.c.objc; path = ViewController.m; sourceTree = "<group>"; };
		092EE61419A9D4980086779E /* Images.xcassets */ = {isa = PBXFileReference; lastKnownFileType = folder.assetcatalog; path = Images.xcassets; sourceTree = "<group>"; };
		092EE61A19A9D4980086779E /* CGTossTests.xctest */ = {isa = PBXFileReference; explicitFileType = wrapper.cfbundle; includeInIndex = 0; path = CGTossTests.xctest; sourceTree = BUILT_PRODUCTS_DIR; };
		092EE61B19A9D4980086779E /* XCTest.framework */ = {isa = PBXFileReference; lastKnownFileType = wrapper.framework; name = XCTest.framework; path = Library/Frameworks/XCTest.framework; sourceTree = DEVELOPER_DIR; };
		092EE62319A9D4980086779E /* CGTossTests-Info.plist */ = {isa = PBXFileReference; lastKnownFileType = text.plist.xml; path = "CGTossTests-Info.plist"; sourceTree = "<group>"; };
		092EE62519A9D4980086779E /* en */ = {isa = PBXFileReference; lastKnownFileType = text.plist.strings; name = en; path = en.lproj/InfoPlist.strings; sourceTree = "<group>"; };
		092EE62719A9D4980086779E /* CGTossTests.m */ = {isa = PBXFileReference; lastKnownFileType = sourcecode.c.objc; path = CGTossTests.m; sourceTree = "<group>"; };
		092EE63119A9D4A70086779E /* DrawingView.h */ = {isa = PBXFileReference; fileEncoding = 4; lastKnownFileType = sourcecode.c.h; path = DrawingView.h; sourceTree = "<group>"; };
		092EE63219A9D4A70086779E /* DrawingView.m */ = {isa = PBXFileReference; fileEncoding = 4; lastKnownFileType = sourcecode.c.objc; path = DrawingView.m; sourceTree = "<group>"; };
		09C2BA3819AFD0A9008D43F4 /* OptionsPaneViewController.h */ = {isa = PBXFileReference; fileEncoding = 4; lastKnownFileType = sourcecode.c.h; path = OptionsPaneViewController.h; sourceTree = "<group>"; };
		09C2BA3919AFD0A9008D43F4 /* OptionsPaneViewController.m */ = {isa = PBXFileReference; fileEncoding = 4; lastKnownFileType = sourcecode.c.objc; path = OptionsPaneViewController.m; sourceTree = "<group>"; };
		09C2BA3A19AFD0A9008D43F4 /* OptionsPaneViewController.xib */ = {isa = PBXFileReference; fileEncoding = 4; lastKnownFileType = file.xib; path = OptionsPaneViewController.xib; sourceTree = "<group>"; };
		09C5329F19CAB60100DC5979 /* UIView+ColorOfPoint.h */ = {isa = PBXFileReference; fileEncoding = 4; lastKnownFileType = sourcecode.c.h; path = "UIView+ColorOfPoint.h"; sourceTree = "<group>"; };
		09C532A019CAB60100DC5979 /* UIView+ColorOfPoint.m */ = {isa = PBXFileReference; fileEncoding = 4; lastKnownFileType = sourcecode.c.objc; path = "UIView+ColorOfPoint.m"; sourceTree = "<group>"; };
/* End PBXFileReference section */

/* Begin PBXFrameworksBuildPhase section */
		092EE5F619A9D4980086779E /* Frameworks */ = {
			isa = PBXFrameworksBuildPhase;
			buildActionMask = 2147483647;
			files = (
				092EE5FF19A9D4980086779E /* CoreGraphics.framework in Frameworks */,
				092EE60119A9D4980086779E /* UIKit.framework in Frameworks */,
				092EE5FD19A9D4980086779E /* Foundation.framework in Frameworks */,
			);
			runOnlyForDeploymentPostprocessing = 0;
		};
		092EE61719A9D4980086779E /* Frameworks */ = {
			isa = PBXFrameworksBuildPhase;
			buildActionMask = 2147483647;
			files = (
				092EE61C19A9D4980086779E /* XCTest.framework in Frameworks */,
				092EE61E19A9D4980086779E /* UIKit.framework in Frameworks */,
				092EE61D19A9D4980086779E /* Foundation.framework in Frameworks */,
			);
			runOnlyForDeploymentPostprocessing = 0;
		};
/* End PBXFrameworksBuildPhase section */

/* Begin PBXGroup section */
		092EE5F019A9D4980086779E = {
			isa = PBXGroup;
			children = (
				092EE60219A9D4980086779E /* CGToss */,
				092EE62119A9D4980086779E /* CGTossTests */,
				092EE5FB19A9D4980086779E /* Frameworks */,
				092EE5FA19A9D4980086779E /* Products */,
			);
			sourceTree = "<group>";
		};
		092EE5FA19A9D4980086779E /* Products */ = {
			isa = PBXGroup;
			children = (
				092EE5F919A9D4980086779E /* CGToss.app */,
				092EE61A19A9D4980086779E /* CGTossTests.xctest */,
			);
			name = Products;
			sourceTree = "<group>";
		};
		092EE5FB19A9D4980086779E /* Frameworks */ = {
			isa = PBXGroup;
			children = (
				092EE5FC19A9D4980086779E /* Foundation.framework */,
				092EE5FE19A9D4980086779E /* CoreGraphics.framework */,
				092EE60019A9D4980086779E /* UIKit.framework */,
				092EE61B19A9D4980086779E /* XCTest.framework */,
			);
			name = Frameworks;
			sourceTree = "<group>";
		};
		092EE60219A9D4980086779E /* CGToss */ = {
			isa = PBXGroup;
			children = (
				092EE60B19A9D4980086779E /* AppDelegate.h */,
				092EE60C19A9D4980086779E /* AppDelegate.m */,
				092EE60E19A9D4980086779E /* Main.storyboard */,
				092EE61119A9D4980086779E /* ViewController.h */,
				092EE61219A9D4980086779E /* ViewController.m */,
				09C2BA3819AFD0A9008D43F4 /* OptionsPaneViewController.h */,
				09C2BA3919AFD0A9008D43F4 /* OptionsPaneViewController.m */,
				09C2BA3A19AFD0A9008D43F4 /* OptionsPaneViewController.xib */,
				092EE63119A9D4A70086779E /* DrawingView.h */,
				092EE63219A9D4A70086779E /* DrawingView.m */,
				09C532A219CAB63500DC5979 /* Extensions */,
				092EE61419A9D4980086779E /* Images.xcassets */,
				092EE60319A9D4980086779E /* Supporting Files */,
			);
			path = CGToss;
			sourceTree = "<group>";
		};
		092EE60319A9D4980086779E /* Supporting Files */ = {
			isa = PBXGroup;
			children = (
				092EE60419A9D4980086779E /* CGToss-Info.plist */,
				092EE60519A9D4980086779E /* InfoPlist.strings */,
				092EE60819A9D4980086779E /* main.m */,
				092EE60A19A9D4980086779E /* CGToss-Prefix.pch */,
			);
			name = "Supporting Files";
			sourceTree = "<group>";
		};
		092EE62119A9D4980086779E /* CGTossTests */ = {
			isa = PBXGroup;
			children = (
				092EE62719A9D4980086779E /* CGTossTests.m */,
				092EE62219A9D4980086779E /* Supporting Files */,
			);
			path = CGTossTests;
			sourceTree = "<group>";
		};
		092EE62219A9D4980086779E /* Supporting Files */ = {
			isa = PBXGroup;
			children = (
				092EE62319A9D4980086779E /* CGTossTests-Info.plist */,
				092EE62419A9D4980086779E /* InfoPlist.strings */,
			);
			name = "Supporting Files";
			sourceTree = "<group>";
		};
		09C532A219CAB63500DC5979 /* Extensions */ = {
			isa = PBXGroup;
			children = (
				09C5329F19CAB60100DC5979 /* UIView+ColorOfPoint.h */,
				09C532A019CAB60100DC5979 /* UIView+ColorOfPoint.m */,
			);
			name = Extensions;
			sourceTree = "<group>";
		};
/* End PBXGroup section */

/* Begin PBXNativeTarget section */
		092EE5F819A9D4980086779E /* CGToss */ = {
			isa = PBXNativeTarget;
			buildConfigurationList = 092EE62B19A9D4980086779E /* Build configuration list for PBXNativeTarget "CGToss" */;
			buildPhases = (
				092EE5F519A9D4980086779E /* Sources */,
				092EE5F619A9D4980086779E /* Frameworks */,
				092EE5F719A9D4980086779E /* Resources */,
			);
			buildRules = (
			);
			dependencies = (
			);
			name = CGToss;
			productName = CGToss;
			productReference = 092EE5F919A9D4980086779E /* CGToss.app */;
			productType = "com.apple.product-type.application";
		};
		092EE61919A9D4980086779E /* CGTossTests */ = {
			isa = PBXNativeTarget;
			buildConfigurationList = 092EE62E19A9D4980086779E /* Build configuration list for PBXNativeTarget "CGTossTests" */;
			buildPhases = (
				092EE61619A9D4980086779E /* Sources */,
				092EE61719A9D4980086779E /* Frameworks */,
				092EE61819A9D4980086779E /* Resources */,
			);
			buildRules = (
			);
			dependencies = (
				092EE62019A9D4980086779E /* PBXTargetDependency */,
			);
			name = CGTossTests;
			productName = CGTossTests;
			productReference = 092EE61A19A9D4980086779E /* CGTossTests.xctest */;
			productType = "com.apple.product-type.bundle.unit-test";
		};
/* End PBXNativeTarget section */

/* Begin PBXProject section */
		092EE5F119A9D4980086779E /* Project object */ = {
			isa = PBXProject;
			attributes = {
				LastUpgradeCheck = 0510;
				ORGANIZATIONNAME = "Blade Chapman";
				TargetAttributes = {
					092EE61919A9D4980086779E = {
						TestTargetID = 092EE5F819A9D4980086779E;
					};
				};
			};
			buildConfigurationList = 092EE5F419A9D4980086779E /* Build configuration list for PBXProject "CGToss" */;
			compatibilityVersion = "Xcode 3.2";
			developmentRegion = English;
			hasScannedForEncodings = 0;
			knownRegions = (
				en,
				Base,
			);
			mainGroup = 092EE5F019A9D4980086779E;
			productRefGroup = 092EE5FA19A9D4980086779E /* Products */;
			projectDirPath = "";
			projectRoot = "";
			targets = (
				092EE5F819A9D4980086779E /* CGToss */,
				092EE61919A9D4980086779E /* CGTossTests */,
			);
		};
/* End PBXProject section */

/* Begin PBXResourcesBuildPhase section */
		092EE5F719A9D4980086779E /* Resources */ = {
			isa = PBXResourcesBuildPhase;
			buildActionMask = 2147483647;
			files = (
				092EE61519A9D4980086779E /* Images.xcassets in Resources */,
				09C2BA3C19AFD0A9008D43F4 /* OptionsPaneViewController.xib in Resources */,
				092EE60719A9D4980086779E /* InfoPlist.strings in Resources */,
				092EE61019A9D4980086779E /* Main.storyboard in Resources */,
			);
			runOnlyForDeploymentPostprocessing = 0;
		};
		092EE61819A9D4980086779E /* Resources */ = {
			isa = PBXResourcesBuildPhase;
			buildActionMask = 2147483647;
			files = (
				092EE62619A9D4980086779E /* InfoPlist.strings in Resources */,
			);
			runOnlyForDeploymentPostprocessing = 0;
		};
/* End PBXResourcesBuildPhase section */

/* Begin PBXSourcesBuildPhase section */
		092EE5F519A9D4980086779E /* Sources */ = {
			isa = PBXSourcesBuildPhase;
			buildActionMask = 2147483647;
			files = (
				09C532A119CAB60100DC5979 /* UIView+ColorOfPoint.m in Sources */,
				092EE61319A9D4980086779E /* ViewController.m in Sources */,
				092EE60D19A9D4980086779E /* AppDelegate.m in Sources */,
				09C2BA3B19AFD0A9008D43F4 /* OptionsPaneViewController.m in Sources */,
				092EE60919A9D4980086779E /* main.m in Sources */,
				092EE63319A9D4A70086779E /* DrawingView.m in Sources */,
			);
			runOnlyForDeploymentPostprocessing = 0;
		};
		092EE61619A9D4980086779E /* Sources */ = {
			isa = PBXSourcesBuildPhase;
			buildActionMask = 2147483647;
			files = (
				092EE62819A9D4980086779E /* CGTossTests.m in Sources */,
			);
			runOnlyForDeploymentPostprocessing = 0;
		};
/* End PBXSourcesBuildPhase section */

/* Begin PBXTargetDependency section */
		092EE62019A9D4980086779E /* PBXTargetDependency */ = {
			isa = PBXTargetDependency;
			target = 092EE5F819A9D4980086779E /* CGToss */;
			targetProxy = 092EE61F19A9D4980086779E /* PBXContainerItemProxy */;
		};
/* End PBXTargetDependency section */

/* Begin PBXVariantGroup section */
		092EE60519A9D4980086779E /* InfoPlist.strings */ = {
			isa = PBXVariantGroup;
			children = (
				092EE60619A9D4980086779E /* en */,
			);
			name = InfoPlist.strings;
			sourceTree = "<group>";
		};
		092EE60E19A9D4980086779E /* Main.storyboard */ = {
			isa = PBXVariantGroup;
			children = (
				092EE60F19A9D4980086779E /* Base */,
			);
			name = Main.storyboard;
			sourceTree = "<group>";
		};
		092EE62419A9D4980086779E /* InfoPlist.strings */ = {
			isa = PBXVariantGroup;
			children = (
				092EE62519A9D4980086779E /* en */,
			);
			name = InfoPlist.strings;
			sourceTree = "<group>";
		};
/* End PBXVariantGroup section */

/* Begin XCBuildConfiguration section */
		092EE62919A9D4980086779E /* Debug */ = {
			isa = XCBuildConfiguration;
			buildSettings = {
				ALWAYS_SEARCH_USER_PATHS = NO;
				CLANG_CXX_LANGUAGE_STANDARD = "gnu++0x";
				CLANG_CXX_LIBRARY = "libc++";
				CLANG_ENABLE_MODULES = YES;
				CLANG_ENABLE_OBJC_ARC = YES;
				CLANG_WARN_BOOL_CONVERSION = YES;
				CLANG_WARN_CONSTANT_CONVERSION = YES;
				CLANG_WARN_DIRECT_OBJC_ISA_USAGE = YES_ERROR;
				CLANG_WARN_EMPTY_BODY = YES;
				CLANG_WARN_ENUM_CONVERSION = YES;
				CLANG_WARN_INT_CONVERSION = YES;
				CLANG_WARN_OBJC_ROOT_CLASS = YES_ERROR;
				CLANG_WARN__DUPLICATE_METHOD_MATCH = YES;
				"CODE_SIGN_IDENTITY[sdk=iphoneos*]" = "iPhone Developer";
				COPY_PHASE_STRIP = NO;
				GCC_C_LANGUAGE_STANDARD = gnu99;
				GCC_DYNAMIC_NO_PIC = NO;
				GCC_OPTIMIZATION_LEVEL = 0;
				GCC_PREPROCESSOR_DEFINITIONS = (
					"DEBUG=1",
					"$(inherited)",
				);
				GCC_SYMBOLS_PRIVATE_EXTERN = NO;
				GCC_WARN_64_TO_32_BIT_CONVERSION = YES;
				GCC_WARN_ABOUT_RETURN_TYPE = YES_ERROR;
				GCC_WARN_UNDECLARED_SELECTOR = YES;
				GCC_WARN_UNINITIALIZED_AUTOS = YES_AGGRESSIVE;
				GCC_WARN_UNUSED_FUNCTION = YES;
				GCC_WARN_UNUSED_VARIABLE = YES;
				IPHONEOS_DEPLOYMENT_TARGET = 7.1;
				ONLY_ACTIVE_ARCH = YES;
				SDKROOT = iphoneos;
			};
			name = Debug;
		};
		092EE62A19A9D4980086779E /* Release */ = {
			isa = XCBuildConfiguration;
			buildSettings = {
				ALWAYS_SEARCH_USER_PATHS = NO;
				CLANG_CXX_LANGUAGE_STANDARD = "gnu++0x";
				CLANG_CXX_LIBRARY = "libc++";
				CLANG_ENABLE_MODULES = YES;
				CLANG_ENABLE_OBJC_ARC = YES;
				CLANG_WARN_BOOL_CONVERSION = YES;
				CLANG_WARN_CONSTANT_CONVERSION = YES;
				CLANG_WARN_DIRECT_OBJC_ISA_USAGE = YES_ERROR;
				CLANG_WARN_EMPTY_BODY = YES;
				CLANG_WARN_ENUM_CONVERSION = YES;
				CLANG_WARN_INT_CONVERSION = YES;
				CLANG_WARN_OBJC_ROOT_CLASS = YES_ERROR;
				CLANG_WARN__DUPLICATE_METHOD_MATCH = YES;
				"CODE_SIGN_IDENTITY[sdk=iphoneos*]" = "iPhone Developer";
				COPY_PHASE_STRIP = YES;
				ENABLE_NS_ASSERTIONS = NO;
				GCC_C_LANGUAGE_STANDARD = gnu99;
				GCC_WARN_64_TO_32_BIT_CONVERSION = YES;
				GCC_WARN_ABOUT_RETURN_TYPE = YES_ERROR;
				GCC_WARN_UNDECLARED_SELECTOR = YES;
				GCC_WARN_UNINITIALIZED_AUTOS = YES_AGGRESSIVE;
				GCC_WARN_UNUSED_FUNCTION = YES;
				GCC_WARN_UNUSED_VARIABLE = YES;
				IPHONEOS_DEPLOYMENT_TARGET = 7.1;
				SDKROOT = iphoneos;
				VALIDATE_PRODUCT = YES;
			};
			name = Release;
		};
		092EE62C19A9D4980086779E /* Debug */ = {
			isa = XCBuildConfiguration;
			buildSettings = {
				ASSETCATALOG_COMPILER_APPICON_NAME = AppIcon;
				ASSETCATALOG_COMPILER_LAUNCHIMAGE_NAME = LaunchImage;
				GCC_PRECOMPILE_PREFIX_HEADER = YES;
				GCC_PREFIX_HEADER = "CGToss/CGToss-Prefix.pch";
				INFOPLIST_FILE = "CGToss/CGToss-Info.plist";
				PRODUCT_NAME = "$(TARGET_NAME)";
				WRAPPER_EXTENSION = app;
			};
			name = Debug;
		};
		092EE62D19A9D4980086779E /* Release */ = {
			isa = XCBuildConfiguration;
			buildSettings = {
				ASSETCATALOG_COMPILER_APPICON_NAME = AppIcon;
				ASSETCATALOG_COMPILER_LAUNCHIMAGE_NAME = LaunchImage;
				GCC_PRECOMPILE_PREFIX_HEADER = YES;
				GCC_PREFIX_HEADER = "CGToss/CGToss-Prefix.pch";
				INFOPLIST_FILE = "CGToss/CGToss-Info.plist";
				PRODUCT_NAME = "$(TARGET_NAME)";
				WRAPPER_EXTENSION = app;
			};
			name = Release;
		};
		092EE62F19A9D4980086779E /* Debug */ = {
			isa = XCBuildConfiguration;
			buildSettings = {
				BUNDLE_LOADER = "$(BUILT_PRODUCTS_DIR)/CGToss.app/CGToss";
				FRAMEWORK_SEARCH_PATHS = (
					"$(SDKROOT)/Developer/Library/Frameworks",
					"$(inherited)",
					"$(DEVELOPER_FRAMEWORKS_DIR)",
				);
				GCC_PRECOMPILE_PREFIX_HEADER = YES;
				GCC_PREFIX_HEADER = "CGToss/CGToss-Prefix.pch";
				GCC_PREPROCESSOR_DEFINITIONS = (
					"DEBUG=1",
					"$(inherited)",
				);
				INFOPLIST_FILE = "CGTossTests/CGTossTests-Info.plist";
				PRODUCT_NAME = "$(TARGET_NAME)";
				TEST_HOST = "$(BUNDLE_LOADER)";
				WRAPPER_EXTENSION = xctest;
			};
			name = Debug;
		};
		092EE63019A9D4980086779E /* Release */ = {
			isa = XCBuildConfiguration;
			buildSettings = {
				BUNDLE_LOADER = "$(BUILT_PRODUCTS_DIR)/CGToss.app/CGToss";
				FRAMEWORK_SEARCH_PATHS = (
					"$(SDKROOT)/Developer/Library/Frameworks",
					"$(inherited)",
					"$(DEVELOPER_FRAMEWORKS_DIR)",
				);
				GCC_PRECOMPILE_PREFIX_HEADER = YES;
				GCC_PREFIX_HEADER = "CGToss/CGToss-Prefix.pch";
				INFOPLIST_FILE = "CGTossTests/CGTossTests-Info.plist";
				PRODUCT_NAME = "$(TARGET_NAME)";
				TEST_HOST = "$(BUNDLE_LOADER)";
				WRAPPER_EXTENSION = xctest;
			};
			name = Release;
		};
/* End XCBuildConfiguration section */

/* Begin XCConfigurationList section */
		092EE5F419A9D4980086779E /* Build configuration list for PBXProject "CGToss" */ = {
			isa = XCConfigurationList;
			buildConfigurations = (
				092EE62919A9D4980086779E /* Debug */,
				092EE62A19A9D4980086779E /* Release */,
			);
			defaultConfigurationIsVisible = 0;
			defaultConfigurationName = Release;
		};
		092EE62B19A9D4980086779E /* Build configuration list for PBXNativeTarget "CGToss" */ = {
			isa = XCConfigurationList;
			buildConfigurations = (
				092EE62C19A9D4980086779E /* Debug */,
				092EE62D19A9D4980086779E /* Release */,
			);
			defaultConfigurationIsVisible = 0;
			defaultConfigurationName = Release;
		};
		092EE62E19A9D4980086779E /* Build configuration list for PBXNativeTarget "CGTossTests" */ = {
			isa = XCConfigurationList;
			buildConfigurations = (
				092EE62F19A9D4980086779E /* Debug */,
				092EE63019A9D4980086779E /* Release */,
			);
			defaultConfigurationIsVisible = 0;
			defaultConfigurationName = Release;
		};
/* End XCConfigurationList section */
	};
	rootObject = 092EE5F119A9D4980086779E /* Project object */;
}
